{
  "name": "jargons.dev",
  "version": "1.0.0",
  "lockfileVersion": 3,
  "requires": true,
  "packages": {
    "": {
      "name": "jargons.dev",
      "version": "1.0.0",
      "license": "ISC",
      "dependencies": {
        "@ai-sdk/react": "^1.1.21",
        "@astrojs/mdx": "^4.3.0",
        "@astrojs/partytown": "^2.1.2",
        "@astrojs/react": "^3.1.0",
        "@astrojs/tailwind": "^5.1.5",
        "@astrojs/vercel": "^8.2.1",
        "@fontsource/ibm-plex-mono": "^5.0.12",
        "@fontsource/inter": "^5.0.17",
        "@langchain/openai": "^0.5.18",
        "@langchain/qdrant": "^0.1.2",
        "@nanostores/react": "^0.7.2",
        "@octokit/auth-oauth-app": "^8.1.0",
        "@octokit/oauth-authorization-url": "^7.1.0",
        "ai": "^4.3.16",
        "astro": "^5.13.5",
        "flexsearch": "^0.7.43",
        "gray-matter": "^4.0.3",